
Microsoft Visual Studio Solution File, Format Version 12.00
# Visual Studio Version 17
VisualStudioVersion = 17.10.35013.160
MinimumVisualStudioVersion = 10.0.40219.1
Project("{9A19103F-16F7-4668-BE54-9A1E7A4F7556}") = "BussinessObject", "BussinessObject\BussinessObject.csproj", "{F6FD906B-4C53-4E83-941F-5E158C6B8F9B}"
EndProject
Project("{9A19103F-16F7-4668-BE54-9A1E7A4F7556}") = "DataAccess", "DataAccess\DataAccess.csproj", "{AC53110D-1336-414C-AC69-71559229E32D}"
EndProject
Project("{9A19103F-16F7-4668-BE54-9A1E7A4F7556}") = "Repository", "Repository\Repository.csproj", "{F38BD363-08F9-40B5-9C62-96407FC25616}"
EndProject
Project("{9A19103F-16F7-4668-BE54-9A1E7A4F7556}") = "Service", "Service\Service.csproj", "{188D3B3A-793D-4441-81BC-FF4004974A75}"
EndProject
Project("{9A19103F-16F7-4668-BE54-9A1E7A4F7556}") = "DiamondStore", "DiamondStore\DiamondStore.csproj", "{70E7191D-93F5-48EB-A0A7-B7A9F3D71107}"
EndProject
Global
	GlobalSection(SolutionConfigurationPlatforms) = preSolution
		Debug|Any CPU = Debug|Any CPU
		Release|Any CPU = Release|Any CPU
	EndGlobalSection
	GlobalSection(ProjectConfigurationPlatforms) = postSolution
		{F6FD906B-4C53-4E83-941F-5E158C6B8F9B}.Debug|Any CPU.ActiveCfg = Debug|Any CPU
		{F6FD906B-4C53-4E83-941F-5E158C6B8F9B}.Debug|Any CPU.Build.0 = Debug|Any CPU
		{F6FD906B-4C53-4E83-941F-5E158C6B8F9B}.Release|Any CPU.ActiveCfg = Release|Any CPU
		{F6FD906B-4C53-4E83-941F-5E158C6B8F9B}.Release|Any CPU.Build.0 = Release|Any CPU
		{AC53110D-1336-414C-AC69-71559229E32D}.Debug|Any CPU.ActiveCfg = Debug|Any CPU
		{AC53110D-1336-414C-AC69-71559229E32D}.Debug|Any CPU.Build.0 = Debug|Any CPU
		{AC53110D-1336-414C-AC69-71559229E32D}.Release|Any CPU.ActiveCfg = Release|Any CPU
		{AC53110D-1336-414C-AC69-71559229E32D}.Release|Any CPU.Build.0 = Release|Any CPU
		{F38BD363-08F9-40B5-9C62-96407FC25616}.Debug|Any CPU.ActiveCfg = Debug|Any CPU
		{F38BD363-08F9-40B5-9C62-96407FC25616}.Debug|Any CPU.Build.0 = Debug|Any CPU
		{F38BD363-08F9-40B5-9C62-96407FC25616}.Release|Any CPU.ActiveCfg = Release|Any CPU
		{F38BD363-08F9-40B5-9C62-96407FC25616}.Release|Any CPU.Build.0 = Release|Any CPU
		{188D3B3A-793D-4441-81BC-FF4004974A75}.Debug|Any CPU.ActiveCfg = Debug|Any CPU
		{188D3B3A-793D-4441-81BC-FF4004974A75}.Debug|Any CPU.Build.0 = Debug|Any CPU
		{188D3B3A-793D-4441-81BC-FF4004974A75}.Release|Any CPU.ActiveCfg = Release|Any CPU
		{188D3B3A-793D-4441-81BC-FF4004974A75}.Release|Any CPU.Build.0 = Release|Any CPU
		{70E7191D-93F5-48EB-A0A7-B7A9F3D71107}.Debug|Any CPU.ActiveCfg = Debug|Any CPU
		{70E7191D-93F5-48EB-A0A7-B7A9F3D71107}.Debug|Any CPU.Build.0 = Debug|Any CPU
		{70E7191D-93F5-48EB-A0A7-B7A9F3D71107}.Release|Any CPU.ActiveCfg = Release|Any CPU
		{70E7191D-93F5-48EB-A0A7-B7A9F3D71107}.Release|Any CPU.Build.0 = Release|Any CPU
	EndGlobalSection
	GlobalSection(SolutionProperties) = preSolution
		HideSolutionNode = FALSE
	EndGlobalSection
	GlobalSection(ExtensibilityGlobals) = postSolution
		SolutionGuid = {92F333AA-8A92-40E8-AF28-BB5E9B83FE99}
	EndGlobalSection
EndGlobal
